
Microsoft Visual Studio Solution File, Format Version 12.00
# Visual Studio Version 17
VisualStudioVersion = 17.5.002.0
MinimumVisualStudioVersion = 10.0.40219.1
Project("{9A19103F-16F7-4668-BE54-9A1E7A4F7556}") = "SnyderApps.WebGateway", "SnyderApps.WebGateway.csproj", "{94D32A9E-B670-4245-A0C6-76352E9A0BB0}"
EndProject
Global
	GlobalSection(SolutionConfigurationPlatforms) = preSolution
		Debug|Any CPU = Debug|Any CPU
		Release|Any CPU = Release|Any CPU
	EndGlobalSection
	GlobalSection(ProjectConfigurationPlatforms) = postSolution
		{94D32A9E-B670-4245-A0C6-76352E9A0BB0}.Debug|Any CPU.ActiveCfg = Debug|Any CPU
		{94D32A9E-B670-4245-A0C6-76352E9A0BB0}.Debug|Any CPU.Build.0 = Debug|Any CPU
		{94D32A9E-B670-4245-A0C6-76352E9A0BB0}.Release|Any CPU.ActiveCfg = Release|Any CPU
		{94D32A9E-B670-4245-A0C6-76352E9A0BB0}.Release|Any CPU.Build.0 = Release|Any CPU
	EndGlobalSection
	GlobalSection(SolutionProperties) = preSolution
		HideSolutionNode = FALSE
	EndGlobalSection
	GlobalSection(ExtensibilityGlobals) = postSolution
		SolutionGuid = {EB66CDF4-A2D2-4718-BE67-802200645FA2}
	EndGlobalSection
EndGlobal
